version: 6
environments:
  default:
    channels:
    - url: https://conda.modular.com/max/
    - url: https://prefix.dev/conda-forge/
    options:
      pypi-prerelease-mode: if-necessary-or-explicit
    packages:
      linux-64:
      - conda: https://prefix.dev/conda-forge/linux-64/_openmp_mutex-4.5-20_gnu.conda
      - conda: https://prefix.dev/conda-forge/linux-64/alsa-lib-1.2.15.3-hb03c661_0.conda
      - conda: https://prefix.dev/conda-forge/linux-64/bzip2-1.0.8-hda65f42_9.conda
      - conda: https://prefix.dev/conda-forge/noarch/ca-certificates-2026.4.22-hbd8a1cb_0.conda
      - conda: https://prefix.dev/conda-forge/noarch/cpython-3.14.4-py314hd8ed1ab_100.conda
      - conda: https://prefix.dev/conda-forge/linux-64/icu-78.3-h33c6efd_0.conda
      - conda: https://prefix.dev/conda-forge/linux-64/ld_impl_linux-64-2.45.1-default_hbd61a6d_102.conda
      - conda: https://prefix.dev/conda-forge/linux-64/libblas-3.11.0-6_h4a7cf45_openblas.conda
      - conda: https://prefix.dev/conda-forge/linux-64/libcblas-3.11.0-6_h0358290_openblas.conda
      - conda: https://prefix.dev/conda-forge/linux-64/libexpat-2.7.5-hecca717_0.conda
      - conda: https://prefix.dev/conda-forge/linux-64/libffi-3.5.2-h3435931_0.conda
      - conda: https://prefix.dev/conda-forge/linux-64/libgcc-15.2.0-he0feb66_18.conda
      - conda: https://prefix.dev/conda-forge/linux-64/libgfortran-15.2.0-h69a702a_18.conda
      - conda: https://prefix.dev/conda-forge/linux-64/libgfortran5-15.2.0-h68bc16d_18.conda
      - conda: https://prefix.dev/conda-forge/linux-64/libgl-1.7.0-ha4b6fd6_2.conda
      - conda: https://prefix.dev/conda-forge/linux-64/libglu-9.0.3-h5888daf_1.conda
      - conda: https://prefix.dev/conda-forge/linux-64/libglvnd-1.7.0-ha4b6fd6_2.conda
      - conda: https://prefix.dev/conda-forge/linux-64/libglx-1.7.0-ha4b6fd6_2.conda
      - conda: https://prefix.dev/conda-forge/linux-64/libgomp-15.2.0-he0feb66_18.conda
      - conda: https://prefix.dev/conda-forge/linux-64/liblapack-3.11.0-6_h47877c9_openblas.conda
      - conda: https://prefix.dev/conda-forge/linux-64/liblzma-5.8.3-hb03c661_0.conda
      - conda: https://prefix.dev/conda-forge/linux-64/libmpdec-4.0.0-hb03c661_1.conda
      - conda: https://prefix.dev/conda-forge/linux-64/libopenblas-0.3.32-pthreads_h94d23a6_0.conda
      - conda: https://prefix.dev/conda-forge/linux-64/libopengl-1.7.0-ha4b6fd6_2.conda
      - conda: https://prefix.dev/conda-forge/linux-64/libsqlite-3.53.0-hf4e2dac_0.conda
      - conda: https://prefix.dev/conda-forge/linux-64/libstdcxx-15.2.0-h934c35e_18.conda
      - conda: https://prefix.dev/conda-forge/linux-64/libuuid-2.42-h5347b49_0.conda
      - conda: https://prefix.dev/conda-forge/linux-64/libxcb-1.17.0-h8a09558_0.conda
      - conda: https://prefix.dev/conda-forge/linux-64/libzlib-1.3.2-h25fd6f3_2.conda
      - conda: https://prefix.dev/conda-forge/noarch/markdown-it-py-4.0.0-pyhd8ed1ab_0.conda
      - conda: https://conda.modular.com/max/linux-64/max-26.2.0-3.14release.conda
      - conda: https://conda.modular.com/max/linux-64/max-core-26.2.0-release.conda
      - conda: https://prefix.dev/conda-forge/noarch/mdurl-0.1.2-pyhd8ed1ab_1.conda
      - conda: https://conda.modular.com/max/linux-64/mojo-compiler-0.26.2.0-release.conda
      - conda: https://conda.modular.com/max/noarch/mojo-python-0.26.2.0-release.conda
      - conda: https://prefix.dev/conda-forge/linux-64/ncurses-6.5-h2d0b736_3.conda
      - conda: https://prefix.dev/conda-forge/linux-64/numpy-2.4.3-py314h2b28147_0.conda
      - conda: https://prefix.dev/conda-forge/linux-64/openssl-3.6.2-h35e630c_0.conda
      - conda: https://prefix.dev/conda-forge/linux-64/pthread-stubs-0.4-hb9d3cd8_1002.conda
      - conda: https://prefix.dev/conda-forge/noarch/pygments-2.20.0-pyhd8ed1ab_0.conda
      - conda: https://prefix.dev/conda-forge/linux-64/python-3.14.4-habeac84_100_cp314.conda
      - conda: https://prefix.dev/conda-forge/noarch/python-gil-3.14.4-h4df99d1_100.conda
      - conda: https://prefix.dev/conda-forge/noarch/python_abi-3.14-8_cp314.conda
      - conda: https://prefix.dev/conda-forge/linux-64/pyyaml-6.0.3-py314h67df5f8_1.conda
      - conda: https://prefix.dev/conda-forge/linux-64/readline-8.3-h853b02a_0.conda
      - conda: https://prefix.dev/conda-forge/noarch/rich-15.0.0-pyhcf101f3_0.conda
      - conda: https://prefix.dev/conda-forge/linux-64/tk-8.6.13-noxft_h366c992_103.conda
      - conda: https://prefix.dev/conda-forge/noarch/typing-extensions-4.15.0-h396c80c_0.conda
      - conda: https://prefix.dev/conda-forge/noarch/typing_extensions-4.15.0-pyhcf101f3_0.conda
      - conda: https://prefix.dev/conda-forge/noarch/tzdata-2025c-hc9c84f9_1.conda
      - conda: https://prefix.dev/conda-forge/linux-64/xorg-libx11-1.8.13-he1eb515_0.conda
      - conda: https://prefix.dev/conda-forge/linux-64/xorg-libxau-1.0.12-hb03c661_1.conda
      - conda: https://prefix.dev/conda-forge/linux-64/xorg-libxcursor-1.2.3-hb9d3cd8_0.conda
      - conda: https://prefix.dev/conda-forge/linux-64/xorg-libxdmcp-1.1.5-hb03c661_1.conda
      - conda: https://prefix.dev/conda-forge/linux-64/xorg-libxext-1.3.7-hb03c661_0.conda
      - conda: https://prefix.dev/conda-forge/linux-64/xorg-libxfixes-6.0.2-hb03c661_0.conda
      - conda: https://prefix.dev/conda-forge/linux-64/xorg-libxi-1.8.2-hb9d3cd8_0.conda
      - conda: https://prefix.dev/conda-forge/linux-64/xorg-libxinerama-1.1.6-hecca717_0.conda
      - conda: https://prefix.dev/conda-forge/linux-64/xorg-libxrandr-1.5.5-hb03c661_0.conda
      - conda: https://prefix.dev/conda-forge/linux-64/xorg-libxrender-0.9.12-hb9d3cd8_0.conda
      - conda: https://prefix.dev/conda-forge/linux-64/yaml-0.2.5-h280c20c_3.conda
      - conda: https://prefix.dev/conda-forge/linux-64/zstd-1.5.7-hb78ec9c_6.conda
      - conda: ../..
        build: hb0f4dca_0
      - conda: ../../shim
        build: hb0f4dca_0
      osx-arm64:
      - conda: https://prefix.dev/conda-forge/osx-arm64/_openmp_mutex-4.5-7_kmp_llvm.conda
      - conda: https://prefix.dev/conda-forge/osx-arm64/bzip2-1.0.8-hd037594_9.conda
      - conda: https://prefix.dev/conda-forge/noarch/ca-certificates-2026.4.22-hbd8a1cb_0.conda
      - conda: https://prefix.dev/conda-forge/noarch/cpython-3.14.4-py314hd8ed1ab_100.conda
      - conda: https://prefix.dev/conda-forge/osx-arm64/libblas-3.11.0-6_h51639a9_openblas.conda
      - conda: https://prefix.dev/conda-forge/osx-arm64/libcblas-3.11.0-6_hb0561ab_openblas.conda
      - conda: https://prefix.dev/conda-forge/osx-arm64/libcxx-22.1.4-h55c6f16_0.conda
      - conda: https://prefix.dev/conda-forge/osx-arm64/libexpat-2.7.5-hf6b4638_0.conda
      - conda: https://prefix.dev/conda-forge/osx-arm64/libffi-3.5.2-hcf2aa1b_0.conda
      - conda: https://prefix.dev/conda-forge/osx-arm64/libgcc-15.2.0-hcbb3090_18.conda
      - conda: https://prefix.dev/conda-forge/osx-arm64/libgfortran-15.2.0-h07b0088_18.conda
      - conda: https://prefix.dev/conda-forge/osx-arm64/libgfortran5-15.2.0-hdae7583_18.conda
      - conda: https://prefix.dev/conda-forge/osx-arm64/liblapack-3.11.0-6_hd9741b5_openblas.conda
      - conda: https://prefix.dev/conda-forge/osx-arm64/liblzma-5.8.3-h8088a28_0.conda
      - conda: https://prefix.dev/conda-forge/osx-arm64/libmpdec-4.0.0-h84a0fba_1.conda
      - conda: https://prefix.dev/conda-forge/osx-arm64/libopenblas-0.3.32-openmp_he657e61_0.conda
      - conda: https://prefix.dev/conda-forge/osx-arm64/libsqlite-3.53.0-h1b79a29_0.conda
      - conda: https://prefix.dev/conda-forge/osx-arm64/libzlib-1.3.2-h8088a28_2.conda
      - conda: https://prefix.dev/conda-forge/osx-arm64/llvm-openmp-22.1.4-hc7d1edf_0.conda
      - conda: https://prefix.dev/conda-forge/noarch/markdown-it-py-4.0.0-pyhd8ed1ab_0.conda
      - conda: https://conda.modular.com/max/osx-arm64/max-26.2.0-3.14release.conda
      - conda: https://conda.modular.com/max/osx-arm64/max-core-26.2.0-release.conda
      - conda: https://prefix.dev/conda-forge/noarch/mdurl-0.1.2-pyhd8ed1ab_1.conda
      - conda: https://conda.modular.com/max/osx-arm64/mojo-compiler-0.26.2.0-release.conda
      - conda: https://conda.modular.com/max/noarch/mojo-python-0.26.2.0-release.conda
      - conda: https://prefix.dev/conda-forge/osx-arm64/ncurses-6.5-h5e97a16_3.conda
      - conda: https://prefix.dev/conda-forge/osx-arm64/numpy-2.4.3-py314h1569ea8_0.conda
      - conda: https://prefix.dev/conda-forge/osx-arm64/openssl-3.6.2-hd24854e_0.conda
      - conda: https://prefix.dev/conda-forge/noarch/pygments-2.20.0-pyhd8ed1ab_0.conda
      - conda: https://prefix.dev/conda-forge/osx-arm64/python-3.14.4-h4c637c5_100_cp314.conda
      - conda: https://prefix.dev/conda-forge/noarch/python-gil-3.14.4-h4df99d1_100.conda
      - conda: https://prefix.dev/conda-forge/noarch/python_abi-3.14-8_cp314.conda
      - conda: https://prefix.dev/conda-forge/osx-arm64/pyyaml-6.0.3-py314h6e9b3f0_1.conda
      - conda: https://prefix.dev/conda-forge/osx-arm64/readline-8.3-h46df422_0.conda
      - conda: https://prefix.dev/conda-forge/noarch/rich-15.0.0-pyhcf101f3_0.conda
      - conda: https://prefix.dev/conda-forge/osx-arm64/tk-8.6.13-h010d191_3.conda
      - conda: https://prefix.dev/conda-forge/noarch/typing-extensions-4.15.0-h396c80c_0.conda
      - conda: https://prefix.dev/conda-forge/noarch/typing_extensions-4.15.0-pyhcf101f3_0.conda
      - conda: https://prefix.dev/conda-forge/noarch/tzdata-2025c-hc9c84f9_1.conda
      - conda: https://prefix.dev/conda-forge/osx-arm64/yaml-0.2.5-h925e9cb_3.conda
      - conda: https://prefix.dev/conda-forge/osx-arm64/zstd-1.5.7-hbf9d68e_6.conda
      - conda: ../..
        build: h60d57d3_0
      - conda: ../../shim
        build: h60d57d3_0
packages:
- conda: https://prefix.dev/conda-forge/linux-64/_openmp_mutex-4.5-20_gnu.conda
  build_number: 20
  sha256: 1dd3fffd892081df9726d7eb7e0dea6198962ba775bd88842135a4ddb4deb3c9
  md5: a9f577daf3de00bca7c3c76c0ecbd1de
  depends:
  - __glibc >=2.17,<3.0.a0
  - libgomp >=7.5.0
  constrains:
  - openmp_impl <0.0a0
  license: BSD-3-Clause
  license_family: BSD
  size: 28948
  timestamp: 1770939786096
- conda: https://prefix.dev/conda-forge/osx-arm64/_openmp_mutex-4.5-7_kmp_llvm.conda
  build_number: 7
  sha256: 7acaa2e0782cad032bdaf756b536874346ac1375745fb250e9bdd6a48a7ab3cd
  md5: a44032f282e7d2acdeb1c240308052dd
  depends:
  - llvm-openmp >=9.0.1
  license: BSD-3-Clause
  license_family: BSD
  size: 8325
  timestamp: 1764092507920
- conda: https://prefix.dev/conda-forge/linux-64/alsa-lib-1.2.15.3-hb03c661_0.conda
  sha256: d88aa7ae766cf584e180996e92fef2aa7d8e0a0a5ab1d4d49c32390c1b5fff31
  md5: dcdc58c15961dbf17a0621312b01f5cb
  depends:
  - __glibc >=2.17,<3.0.a0
  - libgcc >=14
  license: LGPL-2.1-or-later
  license_family: GPL
  size: 584660
  timestamp: 1768327524772
- conda: https://prefix.dev/conda-forge/linux-64/bzip2-1.0.8-hda65f42_9.conda
  sha256: 0b75d45f0bba3e95dc693336fa51f40ea28c980131fec438afb7ce6118ed05f6
  md5: d2ffd7602c02f2b316fd921d39876885
  depends:
  - __glibc >=2.17,<3.0.a0
  - libgcc >=14
  license: bzip2-1.0.6
  license_family: BSD
  size: 260182
  timestamp: 1771350215188
- conda: https://prefix.dev/conda-forge/osx-arm64/bzip2-1.0.8-hd037594_9.conda
  sha256: 540fe54be35fac0c17feefbdc3e29725cce05d7367ffedfaaa1bdda234b019df
  md5: 620b85a3f45526a8bc4d23fd78fc22f0
  depends:
  - __osx >=11.0
  license: bzip2-1.0.6
  license_family: BSD
  size: 124834
  timestamp: 1771350416561
- conda: https://prefix.dev/conda-forge/noarch/ca-certificates-2026.4.22-hbd8a1cb_0.conda
  sha256: c9dbcc8039a52023660d6d1bbf87594a93dd69c6ac5a2a44323af2c92976728d
  md5: e18ad67cf881dcadee8b8d9e2f8e5f73
  depends:
  - __unix
  license: ISC
  size: 131039
  timestamp: 1776865545798
- conda: https://prefix.dev/conda-forge/noarch/cpython-3.14.4-py314hd8ed1ab_100.conda
  noarch: generic
  sha256: 40dc224f2b718e5f034efd2332bc315a719063235f63673468d26a24770094ee
  md5: f111d4cfaf1fe9496f386bc98ae94452
  depends:
  - python >=3.14,<3.15.0a0
  - python_abi * *_cp314
  license: Python-2.0
  size: 49809
  timestamp: 1775614256655
- conda: https://prefix.dev/conda-forge/linux-64/icu-78.3-h33c6efd_0.conda
  sha256: fbf86c4a59c2ed05bbffb2ba25c7ed94f6185ec30ecb691615d42342baa1a16a
  md5: c80d8a3b84358cb967fa81e7075fbc8a
  depends:
  - __glibc >=2.17,<3.0.a0
  - libgcc >=14
  - libstdcxx >=14
  license: MIT
  license_family: MIT
  size: 12723451
  timestamp: 1773822285671
- conda: https://prefix.dev/conda-forge/linux-64/ld_impl_linux-64-2.45.1-default_hbd61a6d_102.conda
  sha256: 3d584956604909ff5df353767f3a2a2f60e07d070b328d109f30ac40cd62df6c
  md5: 18335a698559cdbcd86150a48bf54ba6
  depends:
  - __glibc >=2.17,<3.0.a0
  - zstd >=1.5.7,<1.6.0a0
  constrains:
  - binutils_impl_linux-64 2.45.1
  license: GPL-3.0-only
  license_family: GPL
  size: 728002
  timestamp: 1774197446916
- conda: https://prefix.dev/conda-forge/linux-64/libblas-3.11.0-6_h4a7cf45_openblas.conda
  build_number: 6
  sha256: 7bfe936dbb5db04820cf300a9cc1f5ee8d5302fc896c2d66e30f1ee2f20fbfd6
  md5: 6d6d225559bfa6e2f3c90ee9c03d4e2e
  depends:
  - libopenblas >=0.3.32,<0.3.33.0a0
  - libopenblas >=0.3.32,<1.0a0
  constrains:
  - blas 2.306   openblas
  - liblapack  3.11.0   6*_openblas
  - liblapacke 3.11.0   6*_openblas
  - libcblas   3.11.0   6*_openblas
  - mkl <2026
  license: BSD-3-Clause
  license_family: BSD
  size: 18621
  timestamp: 1774503034895
- conda: https://prefix.dev/conda-forge/osx-arm64/libblas-3.11.0-6_h51639a9_openblas.conda
  build_number: 6
  sha256: 979227fc03628925037ab2dfda008eb7b5592644d9c2c21dd285cefe8c42553d
  md5: e551103471911260488a02155cef9c94
  depends:
  - libopenblas >=0.3.32,<0.3.33.0a0
  - libopenblas >=0.3.32,<1.0a0
  constrains:
  - liblapacke 3.11.0   6*_openblas
  - liblapack  3.11.0   6*_openblas
  - blas 2.306   openblas
  - libcblas   3.11.0   6*_openblas
  - mkl <2026
  license: BSD-3-Clause
  license_family: BSD
  size: 18859
  timestamp: 1774504387211
- conda: https://prefix.dev/conda-forge/linux-64/libcblas-3.11.0-6_h0358290_openblas.conda
  build_number: 6
  sha256: 57edafa7796f6fa3ebbd5367692dd4c7f552be42109c2dd1a7c89b55089bf374
  md5: 36ae340a916635b97ac8a0655ace2a35
  depends:
  - libblas 3.11.0 6_h4a7cf45_openblas
  constrains:
  - blas 2.306   openblas
  - liblapack  3.11.0   6*_openblas
  - liblapacke 3.11.0   6*_openblas
  license: BSD-3-Clause
  license_family: BSD
  size: 18622
  timestamp: 1774503050205
- conda: https://prefix.dev/conda-forge/osx-arm64/libcblas-3.11.0-6_hb0561ab_openblas.conda
  build_number: 6
  sha256: 2e6b3e9b1ab672133b70fc6730e42290e952793f132cb5e72eee22835463eba0
  md5: 805c6d31c5621fd75e53dfcf21fb243a
  depends:
  - libblas 3.11.0 6_h51639a9_openblas
  constrains:
  - liblapacke 3.11.0   6*_openblas
  - blas 2.306   openblas
  - liblapack  3.11.0   6*_openblas
  license: BSD-3-Clause
  license_family: BSD
  size: 18863
  timestamp: 1774504433388
- conda: https://prefix.dev/conda-forge/osx-arm64/libcxx-22.1.4-h55c6f16_0.conda
  sha256: 25a0d02148a39b665d9c2957676faf62a4d2a58494d53b201151199a197db4b0
  md5: 448a1af83a9205655ee1cf48d3875ca3
  depends:
  - __osx >=11.0
  license: Apache-2.0 WITH LLVM-exception
  license_family: Apache
  size: 569927
  timestamp: 1776816293111
- conda: https://prefix.dev/conda-forge/linux-64/libexpat-2.7.5-hecca717_0.conda
  sha256: e8c2b57f6aacabdf2f1b0924bd4831ce5071ba080baa4a9e8c0d720588b6794c
  md5: 49f570f3bc4c874a06ea69b7225753af
  depends:
  - __glibc >=2.17,<3.0.a0
  - libgcc >=14
  constrains:
  - expat 2.7.5.*
  license: MIT
  license_family: MIT
  size: 76624
  timestamp: 1774719175983
- conda: https://prefix.dev/conda-forge/osx-arm64/libexpat-2.7.5-hf6b4638_0.conda
  sha256: 06780dec91dd25770c8cf01e158e1062fbf7c576b1406427475ce69a8af75b7e
  md5: a32123f93e168eaa4080d87b0fb5da8a
  depends:
  - __osx >=11.0
  constrains:
  - expat 2.7.5.*
  license: MIT
  license_family: MIT
  size: 68192
  timestamp: 1774719211725
- conda: https://prefix.dev/conda-forge/linux-64/libffi-3.5.2-h3435931_0.conda
  sha256: 31f19b6a88ce40ebc0d5a992c131f57d919f73c0b92cd1617a5bec83f6e961e6
  md5: a360c33a5abe61c07959e449fa1453eb
  depends:
  - __glibc >=2.17,<3.0.a0
  - libgcc >=14
  license: MIT
  license_family: MIT
  size: 58592
  timestamp: 1769456073053
- conda: https://prefix.dev/conda-forge/osx-arm64/libffi-3.5.2-hcf2aa1b_0.conda
  sha256: 6686a26466a527585e6a75cc2a242bf4a3d97d6d6c86424a441677917f28bec7
  md5: 43c04d9cb46ef176bb2a4c77e324d599
  depends:
  - __osx >=11.0
  license: MIT
  license_family: MIT
  size: 40979
  timestamp: 1769456747661
- conda: https://prefix.dev/conda-forge/linux-64/libgcc-15.2.0-he0feb66_18.conda
  sha256: faf7d2017b4d718951e3a59d081eb09759152f93038479b768e3d612688f83f5
  md5: 0aa00f03f9e39fb9876085dee11a85d4
  depends:
  - __glibc >=2.17,<3.0.a0
  - _openmp_mutex >=4.5
  constrains:
  - libgcc-ng ==15.2.0=*_18
  - libgomp 15.2.0 he0feb66_18
  license: GPL-3.0-only WITH GCC-exception-3.1
  license_family: GPL
  size: 1041788
  timestamp: 1771378212382
- conda: https://prefix.dev/conda-forge/osx-arm64/libgcc-15.2.0-hcbb3090_18.conda
  sha256: 1d9c4f35586adb71bcd23e31b68b7f3e4c4ab89914c26bed5f2859290be5560e
  md5: 92df6107310b1fff92c4cc84f0de247b
  depends:
  - _openmp_mutex
  constrains:
  - libgcc-ng ==15.2.0=*_18
  - libgomp 15.2.0 18
  license: GPL-3.0-only WITH GCC-exception-3.1
  license_family: GPL
  size: 401974
  timestamp: 1771378877463
- conda: https://prefix.dev/conda-forge/linux-64/libgfortran-15.2.0-h69a702a_18.conda
  sha256: d2c9fad338fd85e4487424865da8e74006ab2e2475bd788f624d7a39b2a72aee
  md5: 9063115da5bc35fdc3e1002e69b9ef6e
  depends:
  - libgfortran5 15.2.0 h68bc16d_18
  constrains:
  - libgfortran-ng ==15.2.0=*_18
  license: GPL-3.0-only WITH GCC-exception-3.1
  license_family: GPL
  size: 27523
  timestamp: 1771378269450
- conda: https://prefix.dev/conda-forge/osx-arm64/libgfortran-15.2.0-h07b0088_18.conda
  sha256: 63f89087c3f0c8621c5c89ecceec1e56e5e1c84f65fc9c5feca33a07c570a836
  md5: 26981599908ed2205366e8fc91b37fc6
  depends:
  - libgfortran5 15.2.0 hdae7583_18
  constrains:
  - libgfortran-ng ==15.2.0=*_18
  license: GPL-3.0-only WITH GCC-exception-3.1
  license_family: GPL
  size: 138973
  timestamp: 1771379054939
- conda: https://prefix.dev/conda-forge/linux-64/libgfortran5-15.2.0-h68bc16d_18.conda
  sha256: 539b57cf50ec85509a94ba9949b7e30717839e4d694bc94f30d41c9d34de2d12
  md5: 646855f357199a12f02a87382d429b75
  depends:
  - __glibc >=2.17,<3.0.a0
  - libgcc >=15.2.0
  constrains:
  - libgfortran 15.2.0
  license: GPL-3.0-only WITH GCC-exception-3.1
  license_family: GPL
  size: 2482475
  timestamp: 1771378241063
- conda: https://prefix.dev/conda-forge/osx-arm64/libgfortran5-15.2.0-hdae7583_18.conda
  sha256: 91033978ba25e6a60fb86843cf7e1f7dc8ad513f9689f991c9ddabfaf0361e7e
  md5: c4a6f7989cffb0544bfd9207b6789971
  depends:
  - libgcc >=15.2.0
  constrains:
  - libgfortran 15.2.0
  license: GPL-3.0-only WITH GCC-exception-3.1
  license_family: GPL
  size: 598634
  timestamp: 1771378886363
- conda: https://prefix.dev/conda-forge/linux-64/libgl-1.7.0-ha4b6fd6_2.conda
  sha256: dc2752241fa3d9e40ce552c1942d0a4b5eeb93740c9723873f6fcf8d39ef8d2d
  md5: 928b8be80851f5d8ffb016f9c81dae7a
  depends:
  - __glibc >=2.17,<3.0.a0
  - libglvnd 1.7.0 ha4b6fd6_2
  - libglx 1.7.0 ha4b6fd6_2
  license: LicenseRef-libglvnd
  size: 134712
  timestamp: 1731330998354
- conda: https://prefix.dev/conda-forge/linux-64/libglu-9.0.3-h5888daf_1.conda
  sha256: a0105eb88f76073bbb30169312e797ed5449ebb4e964a756104d6e54633d17ef
  md5: 8422fcc9e5e172c91e99aef703b3ce65
  depends:
  - __glibc >=2.17,<3.0.a0
  - libgcc >=13
  - libopengl >=1.7.0,<2.0a0
  - libstdcxx >=13
  license: SGI-B-2.0
  size: 325262
  timestamp: 1748692137626
- conda: https://prefix.dev/conda-forge/linux-64/libglvnd-1.7.0-ha4b6fd6_2.conda
  sha256: 1175f8a7a0c68b7f81962699751bb6574e6f07db4c9f72825f978e3016f46850
  md5: 434ca7e50e40f4918ab701e3facd59a0
  depends:
  - __glibc >=2.17,<3.0.a0
  license: LicenseRef-libglvnd
  size: 132463
  timestamp: 1731330968309
- conda: https://prefix.dev/conda-forge/linux-64/libglx-1.7.0-ha4b6fd6_2.conda
  sha256: 2d35a679624a93ce5b3e9dd301fff92343db609b79f0363e6d0ceb3a6478bfa7
  md5: c8013e438185f33b13814c5c488acd5c
  depends:
  - __glibc >=2.17,<3.0.a0
  - libglvnd 1.7.0 ha4b6fd6_2
  - xorg-libx11 >=1.8.10,<2.0a0
  license: LicenseRef-libglvnd
  size: 75504
  timestamp: 1731330988898
- conda: https://prefix.dev/conda-forge/linux-64/libgomp-15.2.0-he0feb66_18.conda
  sha256: 21337ab58e5e0649d869ab168d4e609b033509de22521de1bfed0c031bfc5110
  md5: 239c5e9546c38a1e884d69effcf4c882
  depends:
  - __glibc >=2.17,<3.0.a0
  license: GPL-3.0-only WITH GCC-exception-3.1
  license_family: GPL
  size: 603262
  timestamp: 1771378117851
- conda: https://prefix.dev/conda-forge/linux-64/liblapack-3.11.0-6_h47877c9_openblas.conda
  build_number: 6
  sha256: 371f517eb7010b21c6cc882c7606daccebb943307cb9a3bf2c70456a5c024f7d
  md5: 881d801569b201c2e753f03c84b85e15
  depends:
  - libblas 3.11.0 6_h4a7cf45_openblas
  constrains:
  - blas 2.306   openblas
  - liblapacke 3.11.0   6*_openblas
  - libcblas   3.11.0   6*_openblas
  license: BSD-3-Clause
  license_family: BSD
  size: 18624
  timestamp: 1774503065378
- conda: https://prefix.dev/conda-forge/osx-arm64/liblapack-3.11.0-6_hd9741b5_openblas.conda
  build_number: 6
  sha256: 21606b7346810559e259807497b86f438950cf19e71838e44ebaf4bd2b35b549
  md5: ee33d2d05a7c5ea1f67653b37eb74db1
  depends:
  - libblas 3.11.0 6_h51639a9_openblas
  constrains:
  - liblapacke 3.11.0   6*_openblas
  - libcblas   3.11.0   6*_openblas
  - blas 2.306   openblas
  license: BSD-3-Clause
  license_family: BSD
  size: 18863
  timestamp: 1774504467905
- conda: https://prefix.dev/conda-forge/linux-64/liblzma-5.8.3-hb03c661_0.conda
  sha256: ec30e52a3c1bf7d0425380a189d209a52baa03f22fb66dd3eb587acaa765bd6d
  md5: b88d90cad08e6bc8ad540cb310a761fb
  depends:
  - __glibc >=2.17,<3.0.a0
  - libgcc >=14
  constrains:
  - xz 5.8.3.*
  license: 0BSD
  size: 113478
  timestamp: 1775825492909
- conda: https://prefix.dev/conda-forge/osx-arm64/liblzma-5.8.3-h8088a28_0.conda
  sha256: 34878d87275c298f1a732c6806349125cebbf340d24c6c23727268184bba051e
  md5: b1fd823b5ae54fbec272cea0811bd8a9
  depends:
  - __osx >=11.0
  constrains:
  - xz 5.8.3.*
  license: 0BSD
  size: 92472
  timestamp: 1775825802659
- conda: https://prefix.dev/conda-forge/linux-64/libmpdec-4.0.0-hb03c661_1.conda
  sha256: fe171ed5cf5959993d43ff72de7596e8ac2853e9021dec0344e583734f1e0843
  md5: 2c21e66f50753a083cbe6b80f38268fa
  depends:
  - __glibc >=2.17,<3.0.a0
  - libgcc >=14
  license: BSD-2-Clause
  license_family: BSD
  size: 92400
  timestamp: 1769482286018
- conda: https://prefix.dev/conda-forge/osx-arm64/libmpdec-4.0.0-h84a0fba_1.conda
  sha256: 1089c7f15d5b62c622625ec6700732ece83be8b705da8c6607f4dabb0c4bd6d2
  md5: 57c4be259f5e0b99a5983799a228ae55
  depends:
  - __osx >=11.0
  license: BSD-2-Clause
  license_family: BSD
  size: 73690
  timestamp: 1769482560514
- conda: https://prefix.dev/conda-forge/linux-64/libopenblas-0.3.32-pthreads_h94d23a6_0.conda
  sha256: 6dc30b28f32737a1c52dada10c8f3a41bc9e021854215efca04a7f00487d09d9
  md5: 89d61bc91d3f39fda0ca10fcd3c68594
  depends:
  - __glibc >=2.17,<3.0.a0
  - libgcc >=14
  - libgfortran
  - libgfortran5 >=14.3.0
  constrains:
  - openblas >=0.3.32,<0.3.33.0a0
  license: BSD-3-Clause
  license_family: BSD
  size: 5928890
  timestamp: 1774471724897
- conda: https://prefix.dev/conda-forge/osx-arm64/libopenblas-0.3.32-openmp_he657e61_0.conda
  sha256: 713e453bde3531c22a660577e59bf91ef578dcdfd5edb1253a399fa23514949a
  md5: 3a1111a4b6626abebe8b978bb5a323bf
  depends:
  - __osx >=11.0
  - libgfortran
  - libgfortran5 >=14.3.0
  - llvm-openmp >=19.1.7
  constrains:
  - openblas >=0.3.32,<0.3.33.0a0
  license: BSD-3-Clause
  license_family: BSD
  size: 4308797
  timestamp: 1774472508546
- conda: https://prefix.dev/conda-forge/linux-64/libopengl-1.7.0-ha4b6fd6_2.conda
  sha256: 215086c108d80349e96051ad14131b751d17af3ed2cb5a34edd62fa89bfe8ead
  md5: 7df50d44d4a14d6c31a2c54f2cd92157
  depends:
  - __glibc >=2.17,<3.0.a0
  - libglvnd 1.7.0 ha4b6fd6_2
  license: LicenseRef-libglvnd
  size: 50757
  timestamp: 1731330993524
- conda: https://prefix.dev/conda-forge/linux-64/libsqlite-3.53.0-hf4e2dac_0.conda
  sha256: ec37c79f737933bbac965f5dc0f08ef2790247129a84bb3114fad4900adce401
  md5: 810d83373448da85c3f673fbcb7ad3a3
  depends:
  - __glibc >=2.17,<3.0.a0
  - icu >=78.3,<79.0a0
  - libgcc >=14
  - libzlib >=1.3.2,<2.0a0
  license: blessing
  size: 958864
  timestamp: 1775753750179
- conda: https://prefix.dev/conda-forge/osx-arm64/libsqlite-3.53.0-h1b79a29_0.conda
  sha256: 1a9d1e3e18dbb0b87cff3b40c3e42703730d7ac7ee9b9322c2682196a81ba0c3
  md5: 8423c008105df35485e184066cad4566
  depends:
  - __osx >=11.0
  - libzlib >=1.3.2,<2.0a0
  license: blessing
  size: 920039
  timestamp: 1775754485962
- conda: https://prefix.dev/conda-forge/linux-64/libstdcxx-15.2.0-h934c35e_18.conda
  sha256: 78668020064fdaa27e9ab65cd2997e2c837b564ab26ce3bf0e58a2ce1a525c6e
  md5: 1b08cd684f34175e4514474793d44bcb
  depends:
  - __glibc >=2.17,<3.0.a0
  - libgcc 15.2.0 he0feb66_18
  constrains:
  - libstdcxx-ng ==15.2.0=*_18
  license: GPL-3.0-only WITH GCC-exception-3.1
  license_family: GPL
  size: 5852330
  timestamp: 1771378262446
- conda: https://prefix.dev/conda-forge/linux-64/libuuid-2.42-h5347b49_0.conda
  sha256: bc1b08c92626c91500fd9f26f2c797f3eb153b627d53e9c13cd167f1e12b2829
  md5: 38ffe67b78c9d4de527be8315e5ada2c
  depends:
  - __glibc >=2.17,<3.0.a0
  - libgcc >=14
  license: BSD-3-Clause
  license_family: BSD
  size: 40297
  timestamp: 1775052476770
- conda: https://prefix.dev/conda-forge/linux-64/libxcb-1.17.0-h8a09558_0.conda
  sha256: 666c0c431b23c6cec6e492840b176dde533d48b7e6fb8883f5071223433776aa
  md5: 92ed62436b625154323d40d5f2f11dd7
  depends:
  - __glibc >=2.17,<3.0.a0
  - libgcc >=13
  - pthread-stubs
  - xorg-libxau >=1.0.11,<2.0a0
  - xorg-libxdmcp
  license: MIT
  license_family: MIT
  size: 395888
  timestamp: 1727278577118
- conda: https://prefix.dev/conda-forge/linux-64/libzlib-1.3.2-h25fd6f3_2.conda
  sha256: 55044c403570f0dc26e6364de4dc5368e5f3fc7ff103e867c487e2b5ab2bcda9
  md5: d87ff7921124eccd67248aa483c23fec
  depends:
  - __glibc >=2.17,<3.0.a0
  constrains:
  - zlib 1.3.2 *_2
  license: Zlib
  license_family: Other
  size: 63629
  timestamp: 1774072609062
- conda: https://prefix.dev/conda-forge/osx-arm64/libzlib-1.3.2-h8088a28_2.conda
  sha256: 361415a698514b19a852f5d1123c5da746d4642139904156ddfca7c922d23a05
  md5: bc5a5721b6439f2f62a84f2548136082
  depends:
  - __osx >=11.0
  constrains:
  - zlib 1.3.2 *_2
  license: Zlib
  license_family: Other
  size: 47759
  timestamp: 1774072956767
- conda: https://prefix.dev/conda-forge/osx-arm64/llvm-openmp-22.1.4-hc7d1edf_0.conda
  sha256: a269273ccf48be6ac582bb958713ba8373262b9157a0fc76b7e5475e8a1d2a78
  md5: 46d04a647df7a4525e487d88068d19ef
  depends:
  - __osx >=11.0
  constrains:
  - openmp 22.1.4|22.1.4.*
  - intel-openmp <0.0a0
  license: Apache-2.0 WITH LLVM-exception
  license_family: APACHE
  size: 286406
  timestamp: 1776846235007
- conda: https://prefix.dev/conda-forge/noarch/markdown-it-py-4.0.0-pyhd8ed1ab_0.conda
  sha256: 7b1da4b5c40385791dbc3cc85ceea9fad5da680a27d5d3cb8bfaa185e304a89e
  md5: 5b5203189eb668f042ac2b0826244964
  depends:
  - mdurl >=0.1,<1
  - python >=3.10
  license: MIT
  license_family: MIT
  size: 64736
  timestamp: 1754951288511
- conda: https://conda.modular.com/max/linux-64/max-26.2.0-3.14release.conda
  sha256: 58565c18bcf3600eb4cf19f967742cf3a94965554127fb5b043c840067f34c45
  md5: 767bb92c9ee2dbef2e403a45524ad1e7
  depends:
  - numpy >=1.18
  - typing-extensions >=4.12.2
  - pyyaml >=6.0.1
  - rich >=13.0.1
  - python 3.14.*
  - python-gil
  - max-core ==26.2.0
  license: LicenseRef-Modular-Proprietary
  size: 4293418
  timestamp: 1773797339964
- conda: https://conda.modular.com/max/osx-arm64/max-26.2.0-3.14release.conda
  sha256: 64490969cad7a2210c30fcbd3b9976137b71ded7d9362bcba8717c697246973f
  md5: 1a5a0594af0164ee690f4c15ea7c6704
  depends:
  - numpy >=1.18
  - typing-extensions >=4.12.2
  - pyyaml >=6.0.1
  - rich >=13.0.1
  - python 3.14.*
  - python-gil
  - max-core ==26.2.0
  license: LicenseRef-Modular-Proprietary
  size: 7022574
  timestamp: 1773797272132
- conda: https://conda.modular.com/max/linux-64/max-core-26.2.0-release.conda
  sha256: f2bd52e98af849955112def3de6577b64479d367874cd7edaaf0de7a1fadc9ba
  md5: ba55bf4d820d5ad79a3751eb35919331
  depends:
  - mojo-compiler ==0.26.2.0
  license: LicenseRef-Modular-Proprietary
  size: 139958668
  timestamp: 1773797397280
- conda: https://conda.modular.com/max/osx-arm64/max-core-26.2.0-release.conda
  sha256: 96ab225cdba7893771bec6e4370f27b7c29aac79ff7c47abf2de361e19b40951
  md5: 4403c061c99c288de94b1e3faef07c54
  depends:
  - mojo-compiler ==0.26.2.0
  license: LicenseRef-Modular-Proprietary
  size: 93297448
  timestamp: 1773797215730
- conda: https://prefix.dev/conda-forge/noarch/mdurl-0.1.2-pyhd8ed1ab_1.conda
  sha256: 78c1bbe1723449c52b7a9df1af2ee5f005209f67e40b6e1d3c7619127c43b1c7
  md5: 592132998493b3ff25fd7479396e8351
  depends:
  - python >=3.9
  license: MIT
  license_family: MIT
  size: 14465
  timestamp: 1733255681319
- conda: https://conda.modular.com/max/linux-64/mojo-compiler-0.26.2.0-release.conda
  sha256: e53f30d72a65e6b0a67745e6988f978d8f6ecc14531420631c9719eb9c7b9c2b
  md5: e3a673daa0ddf3ca6af297daee4ceab5
  depends:
  - mojo-python ==0.26.2.0
  license: LicenseRef-Modular-Proprietary
  size: 89091679
  timestamp: 1773797216619
- conda: https://conda.modular.com/max/osx-arm64/mojo-compiler-0.26.2.0-release.conda
  sha256: e82cb7ce1a756876a233d364d5397adca5ad7e20fff5204c1c7e93aefe4549b5
  md5: 96e3ec50a2ea4abdb9fc4f3f89dc874b
  depends:
  - mojo-python ==0.26.2.0
  license: LicenseRef-Modular-Proprietary
  size: 67499721
  timestamp: 1773797103208
- conda: https://conda.modular.com/max/noarch/mojo-python-0.26.2.0-release.conda
  noarch: python
  sha256: 2d9e350cfe7a0ae5d96dea13c082b09f21aac8ac4caa3e5def6b075930348fa1
  md5: 67a4fc0d47e84d3a91c4f12cc912c7ac
  depends:
  - python >=3.10
  license: LicenseRef-Modular-Proprietary
  size: 22936
  timestamp: 1773780198161
- conda: ../../shim
  name: mojo-raylib-shim
  version: 0.1.0
  build: h60d57d3_0
  subdir: osx-arm64
  variants:
    target_platform: osx-arm64
  sources:
    mojo-raylib-shim:
      path: .
- conda: ../../shim
  name: mojo-raylib-shim
  version: 0.1.0
  build: hb0f4dca_0
  subdir: linux-64
  variants:
    target_platform: linux-64
  depends:
  - libgcc >=15
  - xorg-libx11 >=1.8.13,<2.0a0
  - xorg-libxrandr >=1.5.5,<2.0a0
  - xorg-libxi >=1.8.2,<2.0a0
  - xorg-libxcursor >=1.2.3,<2.0a0
  - xorg-libxinerama >=1.1.6,<1.2.0a0
  - libgl >=1.7.0,<2.0a0
  - libglu >=9.0.3,<9.1.0a0
  - alsa-lib >=1.2.15.3,<1.3.0a0
  sources:
    mojo-raylib-shim:
      path: .
- conda: ../..
  name: mojo_raylib
  version: 0.1.0
  build: h60d57d3_0
  subdir: osx-arm64
  variants:
    target_platform: osx-arm64
  depends:
  - max
  - mojo-raylib-shim
  - mojo-raylib-shim *
  sources:
    mojo-raylib-shim:
      path: ./shim
- conda: ../..
  name: mojo_raylib
  version: 0.1.0
  build: hb0f4dca_0
  subdir: linux-64
  variants:
    target_platform: linux-64
  depends:
  - max
  - mojo-raylib-shim
  - mojo-raylib-shim *
  sources:
    mojo-raylib-shim:
      path: ./shim
- conda: https://prefix.dev/conda-forge/linux-64/ncurses-6.5-h2d0b736_3.conda
  sha256: 3fde293232fa3fca98635e1167de6b7c7fda83caf24b9d6c91ec9eefb4f4d586
  md5: 47e340acb35de30501a76c7c799c41d7
  depends:
  - __glibc >=2.17,<3.0.a0
  - libgcc >=13
  license: X11 AND BSD-3-Clause
  size: 891641
  timestamp: 1738195959188
- conda: https://prefix.dev/conda-forge/osx-arm64/ncurses-6.5-h5e97a16_3.conda
  sha256: 2827ada40e8d9ca69a153a45f7fd14f32b2ead7045d3bbb5d10964898fe65733
  md5: 068d497125e4bf8a66bf707254fff5ae
  depends:
  - __osx >=11.0
  license: X11 AND BSD-3-Clause
  size: 797030
  timestamp: 1738196177597
- conda: https://prefix.dev/conda-forge/linux-64/numpy-2.4.3-py314h2b28147_0.conda
  sha256: f2ba8cb0d86a6461a6bcf0d315c80c7076083f72c6733c9290086640723f79ec
  md5: 36f5b7eb328bdc204954a2225cf908e2
  depends:
  - python
  - libstdcxx >=14
  - libgcc >=14
  - __glibc >=2.17,<3.0.a0
  - python_abi 3.14.* *_cp314
  - libcblas >=3.9.0,<4.0a0
  - liblapack >=3.9.0,<4.0a0
  - libblas >=3.9.0,<4.0a0
  constrains:
  - numpy-base <0a0
  license: BSD-3-Clause
  license_family: BSD
  size: 8927860
  timestamp: 1773839233468
- conda: https://prefix.dev/conda-forge/osx-arm64/numpy-2.4.3-py314h1569ea8_0.conda
  sha256: fe565b09011e8b8edb11bc20564ab130b107d4717590c2464d6d7c2a5a53c6da
  md5: 0fab9cf4fc5163131387f36742b50c79
  depends:
  - python
  - libcxx >=19
  - python 3.14.* *_cp314
  - __osx >=11.0
  - libblas >=3.9.0,<4.0a0
  - liblapack >=3.9.0,<4.0a0
  - python_abi 3.14.* *_cp314
  - libcblas >=3.9.0,<4.0a0
  constrains:
  - numpy-base <0a0
  license: BSD-3-Clause
  license_family: BSD
  size: 6993182
  timestamp: 1773839150339
- conda: https://prefix.dev/conda-forge/linux-64/openssl-3.6.2-h35e630c_0.conda
  sha256: c0ef482280e38c71a08ad6d71448194b719630345b0c9c60744a2010e8a8e0cb
  md5: da1b85b6a87e141f5140bb9924cecab0
  depends:
  - __glibc >=2.17,<3.0.a0
  - ca-certificates
  - libgcc >=14
  license: Apache-2.0
  license_family: Apache
  size: 3167099
  timestamp: 1775587756857
- conda: https://prefix.dev/conda-forge/osx-arm64/openssl-3.6.2-hd24854e_0.conda
  sha256: c91bf510c130a1ea1b6ff023e28bac0ccaef869446acd805e2016f69ebdc49ea
  md5: 25dcccd4f80f1638428613e0d7c9b4e1
  depends:
  - __osx >=11.0
  - ca-certificates
  license: Apache-2.0
  license_family: Apache
  size: 3106008
  timestamp: 1775587972483
- conda: https://prefix.dev/conda-forge/linux-64/pthread-stubs-0.4-hb9d3cd8_1002.conda
  sha256: 9c88f8c64590e9567c6c80823f0328e58d3b1efb0e1c539c0315ceca764e0973
  md5: b3c17d95b5a10c6e64a21fa17573e70e
  depends:
  - __glibc >=2.17,<3.0.a0
  - libgcc >=13
  license: MIT
  license_family: MIT
  size: 8252
  timestamp: 1726802366959
- conda: https://prefix.dev/conda-forge/noarch/pygments-2.20.0-pyhd8ed1ab_0.conda
  sha256: cf70b2f5ad9ae472b71235e5c8a736c9316df3705746de419b59d442e8348e86
  md5: 16c18772b340887160c79a6acc022db0
  depends:
  - python >=3.10
  license: BSD-2-Clause
  license_family: BSD
  size: 893031
  timestamp: 1774796815820
- conda: https://prefix.dev/conda-forge/linux-64/python-3.14.4-habeac84_100_cp314.conda
  build_number: 100
  sha256: dec247c5badc811baa34d6085df9d0465535883cf745e22e8d79092ad54a3a7b
  md5: a443f87920815d41bfe611296e507995
  depends:
  - __glibc >=2.17,<3.0.a0
  - bzip2 >=1.0.8,<2.0a0
  - ld_impl_linux-64 >=2.36.1
  - libexpat >=2.7.5,<3.0a0
  - libffi >=3.5.2,<3.6.0a0
  - libgcc >=14
  - liblzma >=5.8.2,<6.0a0
  - libmpdec >=4.0.0,<5.0a0
  - libsqlite >=3.52.0,<4.0a0
  - libuuid >=2.42,<3.0a0
  - libzlib >=1.3.2,<2.0a0
  - ncurses >=6.5,<7.0a0
  - openssl >=3.5.6,<4.0a0
  - python_abi 3.14.* *_cp314
  - readline >=8.3,<9.0a0
  - tk >=8.6.13,<8.7.0a0
  - tzdata
  - zstd >=1.5.7,<1.6.0a0
  license: Python-2.0
  size: 36705460
  timestamp: 1775614357822
  python_site_packages_path: lib/python3.14/site-packages
- conda: https://prefix.dev/conda-forge/osx-arm64/python-3.14.4-h4c637c5_100_cp314.conda
  build_number: 100
  sha256: 27e7d6cbe021f37244b643f06a98e46767255f7c2907108dd3736f042757ddad
  md5: e1bc5a3015a4bbeb304706dba5a32b7f
  depends:
  - __osx >=11.0
  - bzip2 >=1.0.8,<2.0a0
  - libexpat >=2.7.5,<3.0a0
  - libffi >=3.5.2,<3.6.0a0
  - liblzma >=5.8.2,<6.0a0
  - libmpdec >=4.0.0,<5.0a0
  - libsqlite >=3.52.0,<4.0a0
  - libzlib >=1.3.2,<2.0a0
  - ncurses >=6.5,<7.0a0
  - openssl >=3.5.6,<4.0a0
  - python_abi 3.14.* *_cp314
  - readline >=8.3,<9.0a0
  - tk >=8.6.13,<8.7.0a0
  - tzdata
  - zstd >=1.5.7,<1.6.0a0
  license: Python-2.0
  size: 13533346
  timestamp: 1775616188373
  python_site_packages_path: lib/python3.14/site-packages
- conda: https://prefix.dev/conda-forge/noarch/python-gil-3.14.4-h4df99d1_100.conda
  sha256: 36ff7984e4565c85149e64f8206303d412a0652e55cf806dcb856903fa056314
  md5: e4e60721757979d01d3964122f674959
  depends:
  - cpython 3.14.4.*
  - python_abi * *_cp314
  license: Python-2.0
  size: 49806
  timestamp: 1775614307464
- conda: https://prefix.dev/conda-forge/noarch/python_abi-3.14-8_cp314.conda
  build_number: 8
  sha256: ad6d2e9ac39751cc0529dd1566a26751a0bf2542adb0c232533d32e176e21db5
  md5: 0539938c55b6b1a59b560e843ad864a4
  constrains:
  - python 3.14.* *_cp314
  license: BSD-3-Clause
  license_family: BSD
  size: 6989
  timestamp: 1752805904792
- conda: https://prefix.dev/conda-forge/linux-64/pyyaml-6.0.3-py314h67df5f8_1.conda
  sha256: b318fb070c7a1f89980ef124b80a0b5ccf3928143708a85e0053cde0169c699d
  md5: 2035f68f96be30dc60a5dfd7452c7941
  depends:
  - __glibc >=2.17,<3.0.a0
  - libgcc >=14
  - python >=3.14,<3.15.0a0
  - python_abi 3.14.* *_cp314
  - yaml >=0.2.5,<0.3.0a0
  license: MIT
  license_family: MIT
  size: 202391
  timestamp: 1770223462836
- conda: https://prefix.dev/conda-forge/osx-arm64/pyyaml-6.0.3-py314h6e9b3f0_1.conda
  sha256: 95f385f9606e30137cf0b5295f63855fd22223a4cf024d306cf9098ea1c4a252
  md5: dcf51e564317816cb8d546891019b3ab
  depends:
  - __osx >=11.0
  - python >=3.14,<3.15.0a0
  - python >=3.14,<3.15.0a0 *_cp314
  - python_abi 3.14.* *_cp314
  - yaml >=0.2.5,<0.3.0a0
  license: MIT
  license_family: MIT
  size: 189475
  timestamp: 1770223788648
- conda: https://prefix.dev/conda-forge/linux-64/readline-8.3-h853b02a_0.conda
  sha256: 12ffde5a6f958e285aa22c191ca01bbd3d6e710aa852e00618fa6ddc59149002
  md5: d7d95fc8287ea7bf33e0e7116d2b95ec
  depends:
  - __glibc >=2.17,<3.0.a0
  - libgcc >=14
  - ncurses >=6.5,<7.0a0
  license: GPL-3.0-only
  license_family: GPL
  size: 345073
  timestamp: 1765813471974
- conda: https://prefix.dev/conda-forge/osx-arm64/readline-8.3-h46df422_0.conda
  sha256: a77010528efb4b548ac2a4484eaf7e1c3907f2aec86123ed9c5212ae44502477
  md5: f8381319127120ce51e081dce4865cf4
  depends:
  - __osx >=11.0
  - ncurses >=6.5,<7.0a0
  license: GPL-3.0-only
  license_family: GPL
  size: 313930
  timestamp: 1765813902568
- conda: https://prefix.dev/conda-forge/noarch/rich-15.0.0-pyhcf101f3_0.conda
  sha256: 3d6ba2c0fcdac3196ba2f0615b4104e532525ffa1335b50a2878be5ff488814a
  md5: 0242025a3c804966bf71aa04eee82f66
  depends:
  - markdown-it-py >=2.2.0
  - pygments >=2.13.0,<3.0.0
  - python >=3.10
  - typing_extensions >=4.0.0,<5.0.0
  - python
  license: MIT
  license_family: MIT
  size: 208577
  timestamp: 1775991661559
- conda: https://prefix.dev/conda-forge/linux-64/tk-8.6.13-noxft_h366c992_103.conda
  sha256: cafeec44494f842ffeca27e9c8b0c27ed714f93ac77ddadc6aaf726b5554ebac
  md5: cffd3bdd58090148f4cfcd831f4b26ab
  depends:
  - __glibc >=2.17,<3.0.a0
  - libgcc >=14
  - libzlib >=1.3.1,<2.0a0
  constrains:
  - xorg-libx11 >=1.8.12,<2.0a0
  license: TCL
  license_family: BSD
  size: 3301196
  timestamp: 1769460227866
- conda: https://prefix.dev/conda-forge/osx-arm64/tk-8.6.13-h010d191_3.conda
  sha256: 799cab4b6cde62f91f750149995d149bc9db525ec12595e8a1d91b9317f038b3
  md5: a9d86bc62f39b94c4661716624eb21b0
  depends:
  - __osx >=11.0
  - libzlib >=1.3.1,<2.0a0
  license: TCL
  license_family: BSD
  size: 3127137
  timestamp: 1769460817696
- conda: https://prefix.dev/conda-forge/noarch/typing-extensions-4.15.0-h396c80c_0.conda
  sha256: 7c2df5721c742c2a47b2c8f960e718c930031663ac1174da67c1ed5999f7938c
  md5: edd329d7d3a4ab45dcf905899a7a6115
  depends:
  - typing_extensions ==4.15.0 pyhcf101f3_0
  license: PSF-2.0
  license_family: PSF
  size: 91383
  timestamp: 1756220668932
- conda: https://prefix.dev/conda-forge/noarch/typing_extensions-4.15.0-pyhcf101f3_0.conda
  sha256: 032271135bca55aeb156cee361c81350c6f3fb203f57d024d7e5a1fc9ef18731
  md5: 0caa1af407ecff61170c9437a808404d
  depends:
  - python >=3.10
  - python
  license: PSF-2.0
  license_family: PSF
  size: 51692
  timestamp: 1756220668932
- conda: https://prefix.dev/conda-forge/noarch/tzdata-2025c-hc9c84f9_1.conda
  sha256: 1d30098909076af33a35017eed6f2953af1c769e273a0626a04722ac4acaba3c
  md5: ad659d0a2b3e47e38d829aa8cad2d610
  license: LicenseRef-Public-Domain
  size: 119135
  timestamp: 1767016325805
- conda: https://prefix.dev/conda-forge/linux-64/xorg-libx11-1.8.13-he1eb515_0.conda
  sha256: 516d4060139dbb4de49a4dcdc6317a9353fb39ebd47789c14e6fe52de0deee42
  md5: 861fb6ccbc677bb9a9fb2468430b9c6a
  depends:
  - __glibc >=2.17,<3.0.a0
  - libgcc >=14
  - libxcb >=1.17.0,<2.0a0
  license: MIT
  license_family: MIT
  size: 839652
  timestamp: 1770819209719
- conda: https://prefix.dev/conda-forge/linux-64/xorg-libxau-1.0.12-hb03c661_1.conda
  sha256: 6bc6ab7a90a5d8ac94c7e300cc10beb0500eeba4b99822768ca2f2ef356f731b
  md5: b2895afaf55bf96a8c8282a2e47a5de0
  depends:
  - __glibc >=2.17,<3.0.a0
  - libgcc >=14
  license: MIT
  license_family: MIT
  size: 15321
  timestamp: 1762976464266
- conda: https://prefix.dev/conda-forge/linux-64/xorg-libxcursor-1.2.3-hb9d3cd8_0.conda
  sha256: 832f538ade441b1eee863c8c91af9e69b356cd3e9e1350fff4fe36cc573fc91a
  md5: 2ccd714aa2242315acaf0a67faea780b
  depends:
  - __glibc >=2.17,<3.0.a0
  - libgcc >=13
  - xorg-libx11 >=1.8.10,<2.0a0
  - xorg-libxfixes >=6.0.1,<7.0a0
  - xorg-libxrender >=0.9.11,<0.10.0a0
  license: MIT
  license_family: MIT
  size: 32533
  timestamp: 1730908305254
- conda: https://prefix.dev/conda-forge/linux-64/xorg-libxdmcp-1.1.5-hb03c661_1.conda
  sha256: 25d255fb2eef929d21ff660a0c687d38a6d2ccfbcbf0cc6aa738b12af6e9d142
  md5: 1dafce8548e38671bea82e3f5c6ce22f
  depends:
  - __glibc >=2.17,<3.0.a0
  - libgcc >=14
  license: MIT
  license_family: MIT
  size: 20591
  timestamp: 1762976546182
- conda: https://prefix.dev/conda-forge/linux-64/xorg-libxext-1.3.7-hb03c661_0.conda
  sha256: 79c60fc6acfd3d713d6340d3b4e296836a0f8c51602327b32794625826bd052f
  md5: 34e54f03dfea3e7a2dcf1453a85f1085
  depends:
  - __glibc >=2.17,<3.0.a0
  - libgcc >=14
  - xorg-libx11 >=1.8.12,<2.0a0
  license: MIT
  license_family: MIT
  size: 50326
  timestamp: 1769445253162
- conda: https://prefix.dev/conda-forge/linux-64/xorg-libxfixes-6.0.2-hb03c661_0.conda
  sha256: 83c4c99d60b8784a611351220452a0a85b080668188dce5dfa394b723d7b64f4
  md5: ba231da7fccf9ea1e768caf5c7099b84
  depends:
  - __glibc >=2.17,<3.0.a0
  - libgcc >=14
  - xorg-libx11 >=1.8.12,<2.0a0
  license: MIT
  license_family: MIT
  size: 20071
  timestamp: 1759282564045
- conda: https://prefix.dev/conda-forge/linux-64/xorg-libxi-1.8.2-hb9d3cd8_0.conda
  sha256: 1a724b47d98d7880f26da40e45f01728e7638e6ec69f35a3e11f92acd05f9e7a
  md5: 17dcc85db3c7886650b8908b183d6876
  depends:
  - __glibc >=2.17,<3.0.a0
  - libgcc >=13
  - xorg-libx11 >=1.8.10,<2.0a0
  - xorg-libxext >=1.3.6,<2.0a0
  - xorg-libxfixes >=6.0.1,<7.0a0
  license: MIT
  license_family: MIT
  size: 47179
  timestamp: 1727799254088
- conda: https://prefix.dev/conda-forge/linux-64/xorg-libxinerama-1.1.6-hecca717_0.conda
  sha256: 3a9da41aac6dca9d3ff1b53ee18b9d314de88add76bafad9ca2287a494abcd86
  md5: 93f5d4b5c17c8540479ad65f206fea51
  depends:
  - __glibc >=2.17,<3.0.a0
  - libgcc >=14
  - libstdcxx >=14
  - xorg-libx11 >=1.8.12,<2.0a0
  - xorg-libxext >=1.3.6,<2.0a0
  license: MIT
  license_family: MIT
  size: 14818
  timestamp: 1769432261050
- conda: https://prefix.dev/conda-forge/linux-64/xorg-libxrandr-1.5.5-hb03c661_0.conda
  sha256: 80ed047a5cb30632c3dc5804c7716131d767089f65877813d4ae855ee5c9d343
  md5: e192019153591938acf7322b6459d36e
  depends:
  - __glibc >=2.17,<3.0.a0
  - libgcc >=14
  - xorg-libx11 >=1.8.12,<2.0a0
  - xorg-libxext >=1.3.6,<2.0a0
  - xorg-libxrender >=0.9.12,<0.10.0a0
  license: MIT
  license_family: MIT
  size: 30456
  timestamp: 1769445263457
- conda: https://prefix.dev/conda-forge/linux-64/xorg-libxrender-0.9.12-hb9d3cd8_0.conda
  sha256: 044c7b3153c224c6cedd4484dd91b389d2d7fd9c776ad0f4a34f099b3389f4a1
  md5: 96d57aba173e878a2089d5638016dc5e
  depends:
  - __glibc >=2.17,<3.0.a0
  - libgcc >=13
  - xorg-libx11 >=1.8.10,<2.0a0
  license: MIT
  license_family: MIT
  size: 33005
  timestamp: 1734229037766
- conda: https://prefix.dev/conda-forge/linux-64/yaml-0.2.5-h280c20c_3.conda
  sha256: 6d9ea2f731e284e9316d95fa61869fe7bbba33df7929f82693c121022810f4ad
  md5: a77f85f77be52ff59391544bfe73390a
  depends:
  - libgcc >=14
  - __glibc >=2.17,<3.0.a0
  license: MIT
  license_family: MIT
  size: 85189
  timestamp: 1753484064210
- conda: https://prefix.dev/conda-forge/osx-arm64/yaml-0.2.5-h925e9cb_3.conda
  sha256: b03433b13d89f5567e828ea9f1a7d5c5d697bf374c28a4168d71e9464f5dafac
  md5: 78a0fe9e9c50d2c381e8ee47e3ea437d
  depends:
  - __osx >=11.0
  license: MIT
  license_family: MIT
  size: 83386
  timestamp: 1753484079473
- conda: https://prefix.dev/conda-forge/linux-64/zstd-1.5.7-hb78ec9c_6.conda
  sha256: 68f0206ca6e98fea941e5717cec780ed2873ffabc0e1ed34428c061e2c6268c7
  md5: 4a13eeac0b5c8e5b8ab496e6c4ddd829
  depends:
  - __glibc >=2.17,<3.0.a0
  - libzlib >=1.3.1,<2.0a0
  license: BSD-3-Clause
  license_family: BSD
  size: 601375
  timestamp: 1764777111296
- conda: https://prefix.dev/conda-forge/osx-arm64/zstd-1.5.7-hbf9d68e_6.conda
  sha256: 9485ba49e8f47d2b597dd399e88f4802e100851b27c21d7525625b0b4025a5d9
  md5: ab136e4c34e97f34fb621d2592a393d8
  depends:
  - __osx >=11.0
  - libzlib >=1.3.1,<2.0a0
  license: BSD-3-Clause
  license_family: BSD
  size: 433413
  timestamp: 1764777166076
